// !$*UTF8*$!
{
	archiveVersion = 1;
	classes = {
	};
	objectVersion = 48;
	objects = {

/* Begin PBXBuildFile section */
		7752B02F1FD6EFCC008EAFB8 /* DrawingView.swift in Sources */ = {isa = PBXBuildFile; fileRef = 7752B02E1FD6EFCC008EAFB8 /* DrawingView.swift */; };
		776913381FC329CD008506A2 /* Junkable.swift in Sources */ = {isa = PBXBuildFile; fileRef = 776913371FC329CD008506A2 /* Junkable.swift */; };
		7769133A1FC32D51008506A2 /* junkDebug.swift in Sources */ = {isa = PBXBuildFile; fileRef = 776913391FC32D51008506A2 /* junkDebug.swift */; };
		776A6C711FE1741A00BEB5CC /* GameController in Resources */ = {isa = PBXBuildFile; fileRef = 776A6C701FE1741A00BEB5CC /* GameController */; };
		776A6C731FE1747E00BEB5CC /* Sounds in Resources */ = {isa = PBXBuildFile; fileRef = 776A6C721FE1747E00BEB5CC /* Sounds */; };
		776A6C751FE176D000BEB5CC /* Utilities.swift in Sources */ = {isa = PBXBuildFile; fileRef = 776A6C741FE176D000BEB5CC /* Utilities.swift */; };
		776A6C771FE1770700BEB5CC /* StarField.sks in Resources */ = {isa = PBXBuildFile; fileRef = 776A6C761FE1770700BEB5CC /* StarField.sks */; };
		776A6C7E1FE1779200BEB5CC /* Player.swift in Sources */ = {isa = PBXBuildFile; fileRef = 776A6C781FE1779100BEB5CC /* Player.swift */; };
		776A6C7F1FE1779200BEB5CC /* Invader.swift in Sources */ = {isa = PBXBuildFile; fileRef = 776A6C791FE1779100BEB5CC /* Invader.swift */; };
		776A6C801FE1779200BEB5CC /* PlayerLaser.swift in Sources */ = {isa = PBXBuildFile; fileRef = 776A6C7A1FE1779100BEB5CC /* PlayerLaser.swift */; };
		776A6C811FE1779200BEB5CC /* Projectile.swift in Sources */ = {isa = PBXBuildFile; fileRef = 776A6C7B1FE1779100BEB5CC /* Projectile.swift */; };
		776A6C821FE1779200BEB5CC /* Squishable.swift in Sources */ = {isa = PBXBuildFile; fileRef = 776A6C7C1FE1779100BEB5CC /* Squishable.swift */; };
		776A6C831FE1779200BEB5CC /* InvaderLaser.swift in Sources */ = {isa = PBXBuildFile; fileRef = 776A6C7D1FE1779100BEB5CC /* InvaderLaser.swift */; };
		778ED9791FA21FD400D799BE /* AppDelegate.swift in Sources */ = {isa = PBXBuildFile; fileRef = 778ED9781FA21FD400D799BE /* AppDelegate.swift */; };
		778ED97B1FA21FD400D799BE /* ViewController.swift in Sources */ = {isa = PBXBuildFile; fileRef = 778ED97A1FA21FD400D799BE /* ViewController.swift */; };
		778ED97E1FA21FD400D799BE /* Main.storyboard in Resources */ = {isa = PBXBuildFile; fileRef = 778ED97C1FA21FD400D799BE /* Main.storyboard */; };
		778ED9801FA21FD400D799BE /* Assets.xcassets in Resources */ = {isa = PBXBuildFile; fileRef = 778ED97F1FA21FD400D799BE /* Assets.xcassets */; };
		778ED9831FA21FD400D799BE /* LaunchScreen.storyboard in Resources */ = {isa = PBXBuildFile; fileRef = 778ED9811FA21FD400D799BE /* LaunchScreen.storyboard */; };
		778ED98F1FA2235B00D799BE /* CreativityViewController.swift in Sources */ = {isa = PBXBuildFile; fileRef = 778ED98E1FA2235B00D799BE /* CreativityViewController.swift */; };
		778ED9911FA2236B00D799BE /* AbstractionViewController.swift in Sources */ = {isa = PBXBuildFile; fileRef = 778ED9901FA2236B00D799BE /* AbstractionViewController.swift */; };
		778ED9931FA2237800D799BE /* DataViewController.swift in Sources */ = {isa = PBXBuildFile; fileRef = 778ED9921FA2237800D799BE /* DataViewController.swift */; };
		778ED9951FA2238600D799BE /* AlgorithmsViewController.swift in Sources */ = {isa = PBXBuildFile; fileRef = 778ED9941FA2238600D799BE /* AlgorithmsViewController.swift */; };
		778ED9991FA223BB00D799BE /* ProgrammingViewController.swift in Sources */ = {isa = PBXBuildFile; fileRef = 778ED9981FA223BB00D799BE /* ProgrammingViewController.swift */; };
		778ED99D1FA223DB00D799BE /* ImpactViewController.swift in Sources */ = {isa = PBXBuildFile; fileRef = 778ED99C1FA223DB00D799BE /* ImpactViewController.swift */; };
		77D0FDA81FD99C6C0030F9BD /* ArtCell.swift in Sources */ = {isa = PBXBuildFile; fileRef = 77D0FDA71FD99C6C0030F9BD /* ArtCell.swift */; };
		77D255261FCEFFE600BE6D0B /* InternetDetailViewController.swift in Sources */ = {isa = PBXBuildFile; fileRef = 77D255251FCEFFE600BE6D0B /* InternetDetailViewController.swift */; };
		77D255281FCF002A00BE6D0B /* InternetMasterViewController.swift in Sources */ = {isa = PBXBuildFile; fileRef = 77D255271FCF002A00BE6D0B /* InternetMasterViewController.swift */; };
		77D2552B1FCF0B2300BE6D0B /* WebKit.framework in Frameworks */ = {isa = PBXBuildFile; fileRef = 77D2552A1FCF0B2300BE6D0B /* WebKit.framework */; };
/* End PBXBuildFile section */

/* Begin PBXFileReference section */
		7752B02E1FD6EFCC008EAFB8 /* DrawingView.swift */ = {isa = PBXFileReference; lastKnownFileType = sourcecode.swift; path = DrawingView.swift; sourceTree = "<group>"; };
		776913371FC329CD008506A2 /* Junkable.swift */ = {isa = PBXFileReference; lastKnownFileType = sourcecode.swift; path = Junkable.swift; sourceTree = "<group>"; };
		776913391FC32D51008506A2 /* junkDebug.swift */ = {isa = PBXFileReference; lastKnownFileType = sourcecode.swift; path = junkDebug.swift; sourceTree = "<group>"; };
		776A6C701FE1741A00BEB5CC /* GameController */ = {isa = PBXFileReference; lastKnownFileType = folder; path = GameController; sourceTree = "<group>"; };
		776A6C721FE1747E00BEB5CC /* Sounds */ = {isa = PBXFileReference; lastKnownFileType = folder; path = Sounds; sourceTree = "<group>"; };
		776A6C741FE176D000BEB5CC /* Utilities.swift */ = {isa = PBXFileReference; fileEncoding = 4; lastKnownFileType = sourcecode.swift; path = Utilities.swift; sourceTree = "<group>"; };
		776A6C761FE1770700BEB5CC /* StarField.sks */ = {isa = PBXFileReference; lastKnownFileType = file.sks; path = StarField.sks; sourceTree = "<group>"; };
		776A6C781FE1779100BEB5CC /* Player.swift */ = {isa = PBXFileReference; fileEncoding = 4; lastKnownFileType = sourcecode.swift; path = Player.swift; sourceTree = "<group>"; };
		776A6C791FE1779100BEB5CC /* Invader.swift */ = {isa = PBXFileReference; fileEncoding = 4; lastKnownFileType = sourcecode.swift; path = Invader.swift; sourceTree = "<group>"; };
		776A6C7A1FE1779100BEB5CC /* PlayerLaser.swift */ = {isa = PBXFileReference; fileEncoding = 4; lastKnownFileType = sourcecode.swift; path = PlayerLaser.swift; sourceTree = "<group>"; };
		776A6C7B1FE1779100BEB5CC /* Projectile.swift */ = {isa = PBXFileReference; fileEncoding = 4; lastKnownFileType = sourcecode.swift; path = Projectile.swift; sourceTree = "<group>"; };
		776A6C7C1FE1779100BEB5CC /* Squishable.swift */ = {isa = PBXFileReference; fileEncoding = 4; lastKnownFileType = sourcecode.swift; path = Squishable.swift; sourceTree = "<group>"; };
		776A6C7D1FE1779100BEB5CC /* InvaderLaser.swift */ = {isa = PBXFileReference; fileEncoding = 4; lastKnownFileType = sourcecode.swift; path = InvaderLaser.swift; sourceTree = "<group>"; };
		778ED9751FA21FD400D799BE /* Dane_CSP.app */ = {isa = PBXFileReference; explicitFileType = wrapper.application; includeInIndex = 0; path = Dane_CSP.app; sourceTree = BUILT_PRODUCTS_DIR; };
		778ED9781FA21FD400D799BE /* AppDelegate.swift */ = {isa = PBXFileReference; lastKnownFileType = sourcecode.swift; path = AppDelegate.swift; sourceTree = "<group>"; };
		778ED97A1FA21FD400D799BE /* ViewController.swift */ = {isa = PBXFileReference; lastKnownFileType = sourcecode.swift; path = ViewController.swift; sourceTree = "<group>"; };
		778ED97D1FA21FD400D799BE /* Base */ = {isa = PBXFileReference; lastKnownFileType = file.storyboard; name = Base; path = Base.lproj/Main.storyboard; sourceTree = "<group>"; };
		778ED97F1FA21FD400D799BE /* Assets.xcassets */ = {isa = PBXFileReference; lastKnownFileType = folder.assetcatalog; path = Assets.xcassets; sourceTree = "<group>"; };
		778ED9821FA21FD400D799BE /* Base */ = {isa = PBXFileReference; lastKnownFileType = file.storyboard; name = Base; path = Base.lproj/LaunchScreen.storyboard; sourceTree = "<group>"; };
		778ED9841FA21FD400D799BE /* Info.plist */ = {isa = PBXFileReference; lastKnownFileType = text.plist.xml; path = Info.plist; sourceTree = "<group>"; };
		778ED98E1FA2235B00D799BE /* CreativityViewController.swift */ = {isa = PBXFileReference; lastKnownFileType = sourcecode.swift; path = CreativityViewController.swift; sourceTree = "<group>"; };
		778ED9901FA2236B00D799BE /* AbstractionViewController.swift */ = {isa = PBXFileReference; lastKnownFileType = sourcecode.swift; path = AbstractionViewController.swift; sourceTree = "<group>"; };
		778ED9921FA2237800D799BE /* DataViewController.swift */ = {isa = PBXFileReference; lastKnownFileType = sourcecode.swift; path = DataViewController.swift; sourceTree = "<group>"; };
		778ED9941FA2238600D799BE /* AlgorithmsViewController.swift */ = {isa = PBXFileReference; lastKnownFileType = sourcecode.swift; path = AlgorithmsViewController.swift; sourceTree = "<group>"; };
		778ED9981FA223BB00D799BE /* ProgrammingViewController.swift */ = {isa = PBXFileReference; lastKnownFileType = sourcecode.swift; path = ProgrammingViewController.swift; sourceTree = "<group>"; };
		778ED99C1FA223DB00D799BE /* ImpactViewController.swift */ = {isa = PBXFileReference; lastKnownFileType = sourcecode.swift; path = ImpactViewController.swift; sourceTree = "<group>"; };
		77D0FDA71FD99C6C0030F9BD /* ArtCell.swift */ = {isa = PBXFileReference; lastKnownFileType = sourcecode.swift; path = ArtCell.swift; sourceTree = "<group>"; };
		77D255251FCEFFE600BE6D0B /* InternetDetailViewController.swift */ = {isa = PBXFileReference; lastKnownFileType = sourcecode.swift; path = InternetDetailViewController.swift; sourceTree = "<group>"; };
		77D255271FCF002A00BE6D0B /* InternetMasterViewController.swift */ = {isa = PBXFileReference; lastKnownFileType = sourcecode.swift; path = InternetMasterViewController.swift; sourceTree = "<group>"; };
		77D2552A1FCF0B2300BE6D0B /* WebKit.framework */ = {isa = PBXFileReference; lastKnownFileType = wrapper.framework; name = WebKit.framework; path = System/Library/Frameworks/WebKit.framework; sourceTree = SDKROOT; };
/* End PBXFileReference section */

/* Begin PBXFrameworksBuildPhase section */
		778ED9721FA21FD400D799BE /* Frameworks */ = {
			isa = PBXFrameworksBuildPhase;
			buildActionMask = 2147483647;
			files = (
				77D2552B1FCF0B2300BE6D0B /* WebKit.framework in Frameworks */,
			);
			runOnlyForDeploymentPostprocessing = 0;
		};
/* End PBXFrameworksBuildPhase section */

/* Begin PBXGroup section */
		778ED96C1FA21FD400D799BE = {
			isa = PBXGroup;
			children = (
				778ED9771FA21FD400D799BE /* Dane_CSP */,
				778ED9761FA21FD400D799BE /* Products */,
				77D255291FCF0B2200BE6D0B /* Frameworks */,
			);
			sourceTree = "<group>";
		};
		778ED9761FA21FD400D799BE /* Products */ = {
			isa = PBXGroup;
			children = (
				778ED9751FA21FD400D799BE /* Dane_CSP.app */,
			);
			name = Products;
			sourceTree = "<group>";
		};
		778ED9771FA21FD400D799BE /* Dane_CSP */ = {
			isa = PBXGroup;
			children = (
				778ED98B1FA2202A00D799BE /* Model */,
				778ED98A1FA2201900D799BE /* Controller */,
				778ED98C1FA2203E00D799BE /* View */,
				778ED98D1FA2204C00D799BE /* Resources */,
			);
			path = Dane_CSP;
			sourceTree = "<group>";
		};
		778ED98A1FA2201900D799BE /* Controller */ = {
			isa = PBXGroup;
			children = (
				776A6C701FE1741A00BEB5CC /* GameController */,
				778ED9781FA21FD400D799BE /* AppDelegate.swift */,
				778ED97A1FA21FD400D799BE /* ViewController.swift */,
				778ED98E1FA2235B00D799BE /* CreativityViewController.swift */,
				778ED9901FA2236B00D799BE /* AbstractionViewController.swift */,
				778ED9921FA2237800D799BE /* DataViewController.swift */,
				778ED9941FA2238600D799BE /* AlgorithmsViewController.swift */,
				778ED9981FA223BB00D799BE /* ProgrammingViewController.swift */,
				778ED99C1FA223DB00D799BE /* ImpactViewController.swift */,
				77D255251FCEFFE600BE6D0B /* InternetDetailViewController.swift */,
				77D255271FCF002A00BE6D0B /* InternetMasterViewController.swift */,
				77D0FDA71FD99C6C0030F9BD /* ArtCell.swift */,
			);
			path = Controller;
			sourceTree = "<group>";
		};
		778ED98B1FA2202A00D799BE /* Model */ = {
			isa = PBXGroup;
			children = (
				776A6C791FE1779100BEB5CC /* Invader.swift */,
				776A6C7D1FE1779100BEB5CC /* InvaderLaser.swift */,
				776A6C781FE1779100BEB5CC /* Player.swift */,
				776A6C7A1FE1779100BEB5CC /* PlayerLaser.swift */,
				776A6C7B1FE1779100BEB5CC /* Projectile.swift */,
				776A6C7C1FE1779100BEB5CC /* Squishable.swift */,
				776913371FC329CD008506A2 /* Junkable.swift */,
				776913391FC32D51008506A2 /* junkDebug.swift */,
			);
			path = Model;
			sourceTree = "<group>";
		};
		778ED98C1FA2203E00D799BE /* View */ = {
			isa = PBXGroup;
			children = (
				776A6C761FE1770700BEB5CC /* StarField.sks */,
				778ED97C1FA21FD400D799BE /* Main.storyboard */,
				778ED9811FA21FD400D799BE /* LaunchScreen.storyboard */,
				7752B02E1FD6EFCC008EAFB8 /* DrawingView.swift */,
			);
			path = View;
			sourceTree = "<group>";
		};
		778ED98D1FA2204C00D799BE /* Resources */ = {
			isa = PBXGroup;
			children = (
				776A6C741FE176D000BEB5CC /* Utilities.swift */,
				776A6C721FE1747E00BEB5CC /* Sounds */,
				778ED97F1FA21FD400D799BE /* Assets.xcassets */,
				778ED9841FA21FD400D799BE /* Info.plist */,
			);
			path = Resources;
			sourceTree = "<group>";
		};
		77D255291FCF0B2200BE6D0B /* Frameworks */ = {
			isa = PBXGroup;
			children = (
				77D2552A1FCF0B2300BE6D0B /* WebKit.framework */,
			);
			name = Frameworks;
			sourceTree = "<group>";
		};
/* End PBXGroup section */

/* Begin PBXNativeTarget section */
		778ED9741FA21FD400D799BE /* Dane_CSP */ = {
			isa = PBXNativeTarget;
			buildConfigurationList = 778ED9871FA21FD400D799BE /* Build configuration list for PBXNativeTarget "Dane_CSP" */;
			buildPhases = (
				778ED9711FA21FD400D799BE /* Sources */,
				778ED9721FA21FD400D799BE /* Frameworks */,
				778ED9731FA21FD400D799BE /* Resources */,
			);
			buildRules = (
			);
			dependencies = (
			);
			name = Dane_CSP;
			productName = Dane_CSP;
			productReference = 778ED9751FA21FD400D799BE /* Dane_CSP.app */;
			productType = "com.apple.product-type.application";
		};
/* End PBXNativeTarget section */

/* Begin PBXProject section */
		778ED96D1FA21FD400D799BE /* Project object */ = {
			isa = PBXProject;
			attributes = {
				LastSwiftUpdateCheck = 0900;
				LastUpgradeCheck = 0900;
				ORGANIZATIONNAME = CTEC;
				TargetAttributes = {
					778ED9741FA21FD400D799BE = {
						CreatedOnToolsVersion = 9.0;
						ProvisioningStyle = Automatic;
					};
				};
			};
			buildConfigurationList = 778ED9701FA21FD400D799BE /* Build configuration list for PBXProject "Dane_CSP" */;
			compatibilityVersion = "Xcode 8.0";
			developmentRegion = en;
			hasScannedForEncodings = 0;
			knownRegions = (
				en,
				Base,
			);
			mainGroup = 778ED96C1FA21FD400D799BE;
			productRefGroup = 778ED9761FA21FD400D799BE /* Products */;
			projectDirPath = "";
			projectRoot = "";
			targets = (
				778ED9741FA21FD400D799BE /* Dane_CSP */,
			);
		};
/* End PBXProject section */

/* Begin PBXResourcesBuildPhase section */
		778ED9731FA21FD400D799BE /* Resources */ = {
			isa = PBXResourcesBuildPhase;
			buildActionMask = 2147483647;
			files = (
				776A6C771FE1770700BEB5CC /* StarField.sks in Resources */,
				776A6C731FE1747E00BEB5CC /* Sounds in Resources */,
				776A6C711FE1741A00BEB5CC /* GameController in Resources */,
				778ED9831FA21FD400D799BE /* LaunchScreen.storyboard in Resources */,
				778ED9801FA21FD400D799BE /* Assets.xcassets in Resources */,
				778ED97E1FA21FD400D799BE /* Main.storyboard in Resources */,
			);
			runOnlyForDeploymentPostprocessing = 0;
		};
/* End PBXResourcesBuildPhase section */

/* Begin PBXSourcesBuildPhase section */
		778ED9711FA21FD400D799BE /* Sources */ = {
			isa = PBXSourcesBuildPhase;
			buildActionMask = 2147483647;
			files = (
				778ED97B1FA21FD400D799BE /* ViewController.swift in Sources */,
				776A6C7F1FE1779200BEB5CC /* Invader.swift in Sources */,
				77D0FDA81FD99C6C0030F9BD /* ArtCell.swift in Sources */,
				77D255281FCF002A00BE6D0B /* InternetMasterViewController.swift in Sources */,
				776A6C801FE1779200BEB5CC /* PlayerLaser.swift in Sources */,
				776A6C751FE176D000BEB5CC /* Utilities.swift in Sources */,
				776A6C7E1FE1779200BEB5CC /* Player.swift in Sources */,
				776A6C831FE1779200BEB5CC /* InvaderLaser.swift in Sources */,
				77D255261FCEFFE600BE6D0B /* InternetDetailViewController.swift in Sources */,
				778ED99D1FA223DB00D799BE /* ImpactViewController.swift in Sources */,
				776A6C811FE1779200BEB5CC /* Projectile.swift in Sources */,
				778ED9991FA223BB00D799BE /* ProgrammingViewController.swift in Sources */,
				7752B02F1FD6EFCC008EAFB8 /* DrawingView.swift in Sources */,
				778ED9791FA21FD400D799BE /* AppDelegate.swift in Sources */,
				778ED9931FA2237800D799BE /* DataViewController.swift in Sources */,
				778ED98F1FA2235B00D799BE /* CreativityViewController.swift in Sources */,
				778ED9951FA2238600D799BE /* AlgorithmsViewController.swift in Sources */,
				776A6C821FE1779200BEB5CC /* Squishable.swift in Sources */,
				778ED9911FA2236B00D799BE /* AbstractionViewController.swift in Sources */,
				7769133A1FC32D51008506A2 /* junkDebug.swift in Sources */,
				776913381FC329CD008506A2 /* Junkable.swift in Sources */,
			);
			runOnlyForDeploymentPostprocessing = 0;
		};
/* End PBXSourcesBuildPhase section */

/* Begin PBXVariantGroup section */
		778ED97C1FA21FD400D799BE /* Main.storyboard */ = {
			isa = PBXVariantGroup;
			children = (
				778ED97D1FA21FD400D799BE /* Base */,
			);
			name = Main.storyboard;
			sourceTree = "<group>";
		};
		778ED9811FA21FD400D799BE /* LaunchScreen.storyboard */ = {
			isa = PBXVariantGroup;
			children = (
				778ED9821FA21FD400D799BE /* Base */,
			);
			name = LaunchScreen.storyboard;
			sourceTree = "<group>";
		};
/* End PBXVariantGroup section */

/* Begin XCBuildConfiguration section */
		778ED9851FA21FD400D799BE /* Debug */ = {
			isa = XCBuildConfiguration;
			buildSettings = {
				ALWAYS_SEARCH_USER_PATHS = NO;
				CLANG_ANALYZER_NONNULL = YES;
				CLANG_ANALYZER_NUMBER_OBJECT_CONVERSION = YES_AGGRESSIVE;
				CLANG_CXX_LANGUAGE_STANDARD = "gnu++14";
				CLANG_CXX_LIBRARY = "libc++";
				CLANG_ENABLE_MODULES = YES;
				CLANG_ENABLE_OBJC_ARC = YES;
				CLANG_WARN_BLOCK_CAPTURE_AUTORELEASING = YES;
				CLANG_WARN_BOOL_CONVERSION = YES;
				CLANG_WARN_COMMA = YES;
				CLANG_WARN_CONSTANT_CONVERSION = YES;
				CLANG_WARN_DIRECT_OBJC_ISA_USAGE = YES_ERROR;
				CLANG_WARN_DOCUMENTATION_COMMENTS = YES;
				CLANG_WARN_EMPTY_BODY = YES;
				CLANG_WARN_ENUM_CONVERSION = YES;
				CLANG_WARN_INFINITE_RECURSION = YES;
				CLANG_WARN_INT_CONVERSION = YES;
				CLANG_WARN_NON_LITERAL_NULL_CONVERSION = YES;
				CLANG_WARN_OBJC_LITERAL_CONVERSION = YES;
				CLANG_WARN_OBJC_ROOT_CLASS = YES_ERROR;
				CLANG_WARN_RANGE_LOOP_ANALYSIS = YES;
				CLANG_WARN_STRICT_PROTOTYPES = YES;
				CLANG_WARN_SUSPICIOUS_MOVE = YES;
				CLANG_WARN_UNGUARDED_AVAILABILITY = YES_AGGRESSIVE;
				CLANG_WARN_UNREACHABLE_CODE = YES;
				CLANG_WARN__DUPLICATE_METHOD_MATCH = YES;
				CODE_SIGN_IDENTITY = "iPhone Developer";
				COPY_PHASE_STRIP = NO;
				DEBUG_INFORMATION_FORMAT = dwarf;
				ENABLE_STRICT_OBJC_MSGSEND = YES;
				ENABLE_TESTABILITY = YES;
				GCC_C_LANGUAGE_STANDARD = gnu11;
				GCC_DYNAMIC_NO_PIC = NO;
				GCC_NO_COMMON_BLOCKS = YES;
				GCC_OPTIMIZATION_LEVEL = 0;
				GCC_PREPROCESSOR_DEFINITIONS = (
					"DEBUG=1",
					"$(inherited)",
				);
				GCC_WARN_64_TO_32_BIT_CONVERSION = YES;
				GCC_WARN_ABOUT_RETURN_TYPE = YES_ERROR;
				GCC_WARN_UNDECLARED_SELECTOR = YES;
				GCC_WARN_UNINITIALIZED_AUTOS = YES_AGGRESSIVE;
				GCC_WARN_UNUSED_FUNCTION = YES;
				GCC_WARN_UNUSED_VARIABLE = YES;
				IPHONEOS_DEPLOYMENT_TARGET = 11.0;
				MTL_ENABLE_DEBUG_INFO = YES;
				ONLY_ACTIVE_ARCH = YES;
				SDKROOT = iphoneos;
				SWIFT_ACTIVE_COMPILATION_CONDITIONS = DEBUG;
				SWIFT_OPTIMIZATION_LEVEL = "-Onone";
			};
			name = Debug;
		};
		778ED9861FA21FD400D799BE /* Release */ = {
			isa = XCBuildConfiguration;
			buildSettings = {
				ALWAYS_SEARCH_USER_PATHS = NO;
				CLANG_ANALYZER_NONNULL = YES;
				CLANG_ANALYZER_NUMBER_OBJECT_CONVERSION = YES_AGGRESSIVE;
				CLANG_CXX_LANGUAGE_STANDARD = "gnu++14";
				CLANG_CXX_LIBRARY = "libc++";
				CLANG_ENABLE_MODULES = YES;
				CLANG_ENABLE_OBJC_ARC = YES;
				CLANG_WARN_BLOCK_CAPTURE_AUTORELEASING = YES;
				CLANG_WARN_BOOL_CONVERSION = YES;
				CLANG_WARN_COMMA = YES;
				CLANG_WARN_CONSTANT_CONVERSION = YES;
				CLANG_WARN_DIRECT_OBJC_ISA_USAGE = YES_ERROR;
				CLANG_WARN_DOCUMENTATION_COMMENTS = YES;
				CLANG_WARN_EMPTY_BODY = YES;
				CLANG_WARN_ENUM_CONVERSION = YES;
				CLANG_WARN_INFINITE_RECURSION = YES;
				CLANG_WARN_INT_CONVERSION = YES;
				CLANG_WARN_NON_LITERAL_NULL_CONVERSION = YES;
				CLANG_WARN_OBJC_LITERAL_CONVERSION = YES;
				CLANG_WARN_OBJC_ROOT_CLASS = YES_ERROR;
				CLANG_WARN_RANGE_LOOP_ANALYSIS = YES;
				CLANG_WARN_STRICT_PROTOTYPES = YES;
				CLANG_WARN_SUSPICIOUS_MOVE = YES;
				CLANG_WARN_UNGUARDED_AVAILABILITY = YES_AGGRESSIVE;
				CLANG_WARN_UNREACHABLE_CODE = YES;
				CLANG_WARN__DUPLICATE_METHOD_MATCH = YES;
				CODE_SIGN_IDENTITY = "iPhone Developer";
				COPY_PHASE_STRIP = NO;
				DEBUG_INFORMATION_FORMAT = "dwarf-with-dsym";
				ENABLE_NS_ASSERTIONS = NO;
				ENABLE_STRICT_OBJC_MSGSEND = YES;
				GCC_C_LANGUAGE_STANDARD = gnu11;
				GCC_NO_COMMON_BLOCKS = YES;
				GCC_WARN_64_TO_32_BIT_CONVERSION = YES;
				GCC_WARN_ABOUT_RETURN_TYPE = YES_ERROR;
				GCC_WARN_UNDECLARED_SELECTOR = YES;
				GCC_WARN_UNINITIALIZED_AUTOS = YES_AGGRESSIVE;
				GCC_WARN_UNUSED_FUNCTION = YES;
				GCC_WARN_UNUSED_VARIABLE = YES;
				IPHONEOS_DEPLOYMENT_TARGET = 11.0;
				MTL_ENABLE_DEBUG_INFO = NO;
				SDKROOT = iphoneos;
				SWIFT_OPTIMIZATION_LEVEL = "-Owholemodule";
				VALIDATE_PRODUCT = YES;
			};
			name = Release;
		};
		778ED9881FA21FD400D799BE /* Debug */ = {
			isa = XCBuildConfiguration;
			buildSettings = {
				ASSETCATALOG_COMPILER_APPICON_NAME = AppIcon;
				CODE_SIGN_STYLE = Automatic;
				INFOPLIST_FILE = "$(SRCROOT)/Dane_CSP/Resources/Info.plist";
				LD_RUNPATH_SEARCH_PATHS = "$(inherited) @executable_path/Frameworks";
				PRODUCT_BUNDLE_IDENTIFIER = "CTEC.Dane-CSP";
				PRODUCT_NAME = "$(TARGET_NAME)";
				SWIFT_VERSION = 4.0;
				TARGETED_DEVICE_FAMILY = "1,2";
			};
			name = Debug;
		};
		778ED9891FA21FD400D799BE /* Release */ = {
			isa = XCBuildConfiguration;
			buildSettings = {
				ASSETCATALOG_COMPILER_APPICON_NAME = AppIcon;
				CODE_SIGN_STYLE = Automatic;
				INFOPLIST_FILE = "$(SRCROOT)/Dane_CSP/Resources/Info.plist";
				LD_RUNPATH_SEARCH_PATHS = "$(inherited) @executable_path/Frameworks";
				PRODUCT_BUNDLE_IDENTIFIER = "CTEC.Dane-CSP";
				PRODUCT_NAME = "$(TARGET_NAME)";
				SWIFT_VERSION = 4.0;
				TARGETED_DEVICE_FAMILY = "1,2";
			};
			name = Release;
		};
/* End XCBuildConfiguration section */

/* Begin XCConfigurationList section */
		778ED9701FA21FD400D799BE /* Build configuration list for PBXProject "Dane_CSP" */ = {
			isa = XCConfigurationList;
			buildConfigurations = (
				778ED9851FA21FD400D799BE /* Debug */,
				778ED9861FA21FD400D799BE /* Release */,
			);
			defaultConfigurationIsVisible = 0;
			defaultConfigurationName = Release;
		};
		778ED9871FA21FD400D799BE /* Build configuration list for PBXNativeTarget "Dane_CSP" */ = {
			isa = XCConfigurationList;
			buildConfigurations = (
				778ED9881FA21FD400D799BE /* Debug */,
				778ED9891FA21FD400D799BE /* Release */,
			);
			defaultConfigurationIsVisible = 0;
			defaultConfigurationName = Release;
		};
/* End XCConfigurationList section */
	};
	rootObject = 778ED96D1FA21FD400D799BE /* Project object */;
}
